{
  "name": "bootcamp-homework",
  "version": "0.1.0",
  "lockfileVersion": 1,
  "requires": true,
  "dependencies": {
    "drac-jr": {
      "version": "0.4.1",
      "resolved": "https://registry.npmjs.org/drac-jr/-/drac-jr-0.4.1.tgz",
      "integrity": "sha512-///580pBhWx+iTeKiFWpSg2UJFuCJ8L1xkr+cbyMYqGDiNk+PPLmLj2xCN6gNCTd1uZqYj62mDXUURnwP4RUww=="
    },
    "hanashi-js": {
      "version": "0.9.3",
      "resolved": "https://registry.npmjs.org/hanashi-js/-/hanashi-js-0.9.3.tgz",
      "integrity": "sha512-V0K5vHVyQSkrJRB5Mekqej4eKiP7CnPFfJpAm+g2AZbK0ozNHdVFkcZgbHJQAhOalO49lqSnY2Rx1oD/7+ZkeQ=="
    },
    "maki-js": {
      "version": "1.0.8",
      "resolved": "https://registry.npmjs.org/maki-js/-/maki-js-1.0.8.tgz",
      "integrity": "sha512-CvPouQpdn0SYLurCQHgdGrCT1T4q9kyR1hcrLMo8v7KCzR/T8p94C2zEMdL/UEnmyw98dZv9HqldQ2XJsdV2nA=="
    },
    "marlin-css": {
      "version": "0.5.8",
      "resolved": "https://registry.npmjs.org/marlin-css/-/marlin-css-0.5.8.tgz",
      "integrity": "sha512-5Uv4MpYg9gpcjxSriFnEWwF2cxEyRFmsJBobX9RChWvbgg8KjYGyfwvuo79aIHUOXvvhmtACC9Mapng6OtrEGA=="
    },
    "vanilla-tilt": {
      "version": "1.7.0",
      "resolved": "https://registry.npmjs.org/vanilla-tilt/-/vanilla-tilt-1.7.0.tgz",
      "integrity": "sha512-u9yUhpSasFeqQCuiTon+RSb0aHzcj9stvWVXQIswzKL5oG491lkYk7U1GmhOAEZt7yPT6EiYZRJhIh2MFBncOA=="
    }
  }
}
